
Microsoft Visual Studio Solution File, Format Version 12.00
# Visual Studio Version 17
VisualStudioVersion = 17.9.34728.123
MinimumVisualStudioVersion = 10.0.40219.1
Project("{FAE04EC0-301F-11D3-BF4B-00C04F79EFBC}") = "IMTC.CodeTest", "IMTC.CodeTest\IMTC.CodeTest.csproj", "{4F3CD3DD-793D-475C-9C67-E903FDE58E44}"
EndProject
Global
	GlobalSection(SolutionConfigurationPlatforms) = preSolution
		Debug|Any CPU = Debug|Any CPU
		Release|Any CPU = Release|Any CPU
	EndGlobalSection
	GlobalSection(ProjectConfigurationPlatforms) = postSolution
		{4F3CD3DD-793D-475C-9C67-E903FDE58E44}.Debug|Any CPU.ActiveCfg = Debug|Any CPU
		{4F3CD3DD-793D-475C-9C67-E903FDE58E44}.Debug|Any CPU.Build.0 = Debug|Any CPU
		{4F3CD3DD-793D-475C-9C67-E903FDE58E44}.Release|Any CPU.ActiveCfg = Release|Any CPU
		{4F3CD3DD-793D-475C-9C67-E903FDE58E44}.Release|Any CPU.Build.0 = Release|Any CPU
	EndGlobalSection
	GlobalSection(SolutionProperties) = preSolution
		HideSolutionNode = FALSE
	EndGlobalSection
	GlobalSection(ExtensibilityGlobals) = postSolution
		SolutionGuid = {02644871-91D3-4861-BD78-8E6DB71DAD8A}
	EndGlobalSection
EndGlobal
